
Microsoft Visual Studio Solution File, Format Version 12.00
Project("{FAE04EC0-301F-11D3-BF4B-00C04F79EFBC}") = "api_restful", "api_restful\api_restful.csproj", "{FDA03F23-6462-4C7B-BF2B-E5FD976425D5}"
EndProject
Global
	GlobalSection(SolutionConfigurationPlatforms) = preSolution
		Debug|Any CPU = Debug|Any CPU
		Release|Any CPU = Release|Any CPU
	EndGlobalSection
	GlobalSection(ProjectConfigurationPlatforms) = postSolution
		{FDA03F23-6462-4C7B-BF2B-E5FD976425D5}.Debug|Any CPU.ActiveCfg = Debug|Any CPU
		{FDA03F23-6462-4C7B-BF2B-E5FD976425D5}.Debug|Any CPU.Build.0 = Debug|Any CPU
		{FDA03F23-6462-4C7B-BF2B-E5FD976425D5}.Release|Any CPU.ActiveCfg = Release|Any CPU
		{FDA03F23-6462-4C7B-BF2B-E5FD976425D5}.Release|Any CPU.Build.0 = Release|Any CPU
	EndGlobalSection
EndGlobal
